// !$*UTF8*$!
{
	archiveVersion = 1;
	classes = {
	};
	objectVersion = 46;
	objects = {

/* Begin PBXBuildFile section */
		542EA0FA4D738848850690CF /* Pods_QuestionDemo.framework in Frameworks */ = {isa = PBXBuildFile; fileRef = 3AE421795C0EFA5EAC899026 /* Pods_QuestionDemo.framework */; };
		C5DBBFD71DEB456D00694135 /* AppDelegate.swift in Sources */ = {isa = PBXBuildFile; fileRef = C5DBBFD61DEB456D00694135 /* AppDelegate.swift */; };
		C5DBBFD91DEB456D00694135 /* MasterViewController.swift in Sources */ = {isa = PBXBuildFile; fileRef = C5DBBFD81DEB456D00694135 /* MasterViewController.swift */; };
		C5DBBFDB1DEB456D00694135 /* DetailViewController.swift in Sources */ = {isa = PBXBuildFile; fileRef = C5DBBFDA1DEB456D00694135 /* DetailViewController.swift */; };
		C5DBBFDE1DEB456D00694135 /* Main.storyboard in Resources */ = {isa = PBXBuildFile; fileRef = C5DBBFDC1DEB456D00694135 /* Main.storyboard */; };
		C5DBBFE01DEB456D00694135 /* Assets.xcassets in Resources */ = {isa = PBXBuildFile; fileRef = C5DBBFDF1DEB456D00694135 /* Assets.xcassets */; };
		C5DBBFE31DEB456D00694135 /* LaunchScreen.storyboard in Resources */ = {isa = PBXBuildFile; fileRef = C5DBBFE11DEB456D00694135 /* LaunchScreen.storyboard */; };
		C5DBBFEB1DEB459C00694135 /* Question.swift in Sources */ = {isa = PBXBuildFile; fileRef = C5DBBFEA1DEB459C00694135 /* Question.swift */; };
/* End PBXBuildFile section */

/* Begin PBXFileReference section */
		3AE421795C0EFA5EAC899026 /* Pods_QuestionDemo.framework */ = {isa = PBXFileReference; explicitFileType = wrapper.framework; includeInIndex = 0; path = Pods_QuestionDemo.framework; sourceTree = BUILT_PRODUCTS_DIR; };
		58A5D4F9ABDED91FE724A4DB /* Pods-QuestionDemo.release.xcconfig */ = {isa = PBXFileReference; includeInIndex = 1; lastKnownFileType = text.xcconfig; name = "Pods-QuestionDemo.release.xcconfig"; path = "Pods/Target Support Files/Pods-QuestionDemo/Pods-QuestionDemo.release.xcconfig"; sourceTree = "<group>"; };
		A68878D473DB22666291BA8D /* Pods-QuestionDemo.debug.xcconfig */ = {isa = PBXFileReference; includeInIndex = 1; lastKnownFileType = text.xcconfig; name = "Pods-QuestionDemo.debug.xcconfig"; path = "Pods/Target Support Files/Pods-QuestionDemo/Pods-QuestionDemo.debug.xcconfig"; sourceTree = "<group>"; };
		C5DBBFD31DEB456D00694135 /* QuestionDemo.app */ = {isa = PBXFileReference; explicitFileType = wrapper.application; includeInIndex = 0; path = QuestionDemo.app; sourceTree = BUILT_PRODUCTS_DIR; };
		C5DBBFD61DEB456D00694135 /* AppDelegate.swift */ = {isa = PBXFileReference; lastKnownFileType = sourcecode.swift; path = AppDelegate.swift; sourceTree = "<group>"; };
		C5DBBFD81DEB456D00694135 /* MasterViewController.swift */ = {isa = PBXFileReference; lastKnownFileType = sourcecode.swift; path = MasterViewController.swift; sourceTree = "<group>"; };
		C5DBBFDA1DEB456D00694135 /* DetailViewController.swift */ = {isa = PBXFileReference; lastKnownFileType = sourcecode.swift; path = DetailViewController.swift; sourceTree = "<group>"; };
		C5DBBFDD1DEB456D00694135 /* Base */ = {isa = PBXFileReference; lastKnownFileType = file.storyboard; name = Base; path = Base.lproj/Main.storyboard; sourceTree = "<group>"; };
		C5DBBFDF1DEB456D00694135 /* Assets.xcassets */ = {isa = PBXFileReference; lastKnownFileType = folder.assetcatalog; path = Assets.xcassets; sourceTree = "<group>"; };
		C5DBBFE21DEB456D00694135 /* Base */ = {isa = PBXFileReference; lastKnownFileType = file.storyboard; name = Base; path = Base.lproj/LaunchScreen.storyboard; sourceTree = "<group>"; };
		C5DBBFE41DEB456D00694135 /* Info.plist */ = {isa = PBXFileReference; lastKnownFileType = text.plist.xml; path = Info.plist; sourceTree = "<group>"; };
		C5DBBFEA1DEB459C00694135 /* Question.swift */ = {isa = PBXFileReference; fileEncoding = 4; lastKnownFileType = sourcecode.swift; path = Question.swift; sourceTree = "<group>"; };
/* End PBXFileReference section */

/* Begin PBXFrameworksBuildPhase section */
		C5DBBFD01DEB456C00694135 /* Frameworks */ = {
			isa = PBXFrameworksBuildPhase;
			buildActionMask = 2147483647;
			files = (
				542EA0FA4D738848850690CF /* Pods_QuestionDemo.framework in Frameworks */,
			);
			runOnlyForDeploymentPostprocessing = 0;
		};
/* End PBXFrameworksBuildPhase section */

/* Begin PBXGroup section */
		9402A8DAFE784F733DDEB466 /* Pods */ = {
			isa = PBXGroup;
			children = (
				A68878D473DB22666291BA8D /* Pods-QuestionDemo.debug.xcconfig */,
				58A5D4F9ABDED91FE724A4DB /* Pods-QuestionDemo.release.xcconfig */,
			);
			name = Pods;
			sourceTree = "<group>";
		};
		9A3E9A420FBFCC5332207F5E /* Frameworks */ = {
			isa = PBXGroup;
			children = (
				3AE421795C0EFA5EAC899026 /* Pods_QuestionDemo.framework */,
			);
			name = Frameworks;
			sourceTree = "<group>";
		};
		C5DBBFCA1DEB456C00694135 = {
			isa = PBXGroup;
			children = (
				C5DBBFD51DEB456D00694135 /* QuestionDemo */,
				C5DBBFD41DEB456D00694135 /* Products */,
				9402A8DAFE784F733DDEB466 /* Pods */,
				9A3E9A420FBFCC5332207F5E /* Frameworks */,
			);
			sourceTree = "<group>";
		};
		C5DBBFD41DEB456D00694135 /* Products */ = {
			isa = PBXGroup;
			children = (
				C5DBBFD31DEB456D00694135 /* QuestionDemo.app */,
			);
			name = Products;
			sourceTree = "<group>";
		};
		C5DBBFD51DEB456D00694135 /* QuestionDemo */ = {
			isa = PBXGroup;
			children = (
				C5DBBFD61DEB456D00694135 /* AppDelegate.swift */,
				C5DBBFEA1DEB459C00694135 /* Question.swift */,
				C5DBBFD81DEB456D00694135 /* MasterViewController.swift */,
				C5DBBFDA1DEB456D00694135 /* DetailViewController.swift */,
				C5DBBFDC1DEB456D00694135 /* Main.storyboard */,
				C5DBBFDF1DEB456D00694135 /* Assets.xcassets */,
				C5DBBFE11DEB456D00694135 /* LaunchScreen.storyboard */,
				C5DBBFE41DEB456D00694135 /* Info.plist */,
			);
			path = QuestionDemo;
			sourceTree = "<group>";
		};
/* End PBXGroup section */

/* Begin PBXNativeTarget section */
		C5DBBFD21DEB456C00694135 /* QuestionDemo */ = {
			isa = PBXNativeTarget;
			buildConfigurationList = C5DBBFE71DEB456D00694135 /* Build configuration list for PBXNativeTarget "QuestionDemo" */;
			buildPhases = (
				CA28FEB931D56E08E502AF52 /* [CP] Check Pods Manifest.lock */,
				C5DBBFCF1DEB456C00694135 /* Sources */,
				C5DBBFD01DEB456C00694135 /* Frameworks */,
				C5DBBFD11DEB456C00694135 /* Resources */,
				4AE0C13E2EC2AEB5320CD9E3 /* [CP] Embed Pods Frameworks */,
				98F428E5E04FD944678F6AC9 /* [CP] Copy Pods Resources */,
			);
			buildRules = (
			);
			dependencies = (
			);
			name = QuestionDemo;
			productName = QuestionDemo;
			productReference = C5DBBFD31DEB456D00694135 /* QuestionDemo.app */;
			productType = "com.apple.product-type.application";
		};
/* End PBXNativeTarget section */

/* Begin PBXProject section */
		C5DBBFCB1DEB456C00694135 /* Project object */ = {
			isa = PBXProject;
			attributes = {
				LastSwiftUpdateCheck = 0810;
				LastUpgradeCheck = 0810;
				ORGANIZATIONNAME = nswhoohoo;
				TargetAttributes = {
					C5DBBFD21DEB456C00694135 = {
						CreatedOnToolsVersion = 8.1;
						DevelopmentTeam = DLPH969EN3;
						ProvisioningStyle = Automatic;
					};
				};
			};
			buildConfigurationList = C5DBBFCE1DEB456C00694135 /* Build configuration list for PBXProject "QuestionDemo" */;
			compatibilityVersion = "Xcode 3.2";
			developmentRegion = English;
			hasScannedForEncodings = 0;
			knownRegions = (
				en,
				Base,
			);
			mainGroup = C5DBBFCA1DEB456C00694135;
			productRefGroup = C5DBBFD41DEB456D00694135 /* Products */;
			projectDirPath = "";
			projectRoot = "";
			targets = (
				C5DBBFD21DEB456C00694135 /* QuestionDemo */,
			);
		};
/* End PBXProject section */

/* Begin PBXResourcesBuildPhase section */
		C5DBBFD11DEB456C00694135 /* Resources */ = {
			isa = PBXResourcesBuildPhase;
			buildActionMask = 2147483647;
			files = (
				C5DBBFE31DEB456D00694135 /* LaunchScreen.storyboard in Resources */,
				C5DBBFE01DEB456D00694135 /* Assets.xcassets in Resources */,
				C5DBBFDE1DEB456D00694135 /* Main.storyboard in Resources */,
			);
			runOnlyForDeploymentPostprocessing = 0;
		};
/* End PBXResourcesBuildPhase section */

/* Begin PBXShellScriptBuildPhase section */
		4AE0C13E2EC2AEB5320CD9E3 /* [CP] Embed Pods Frameworks */ = {
			isa = PBXShellScriptBuildPhase;
			buildActionMask = 2147483647;
			files = (
			);
			inputPaths = (
			);
			name = "[CP] Embed Pods Frameworks";
			outputPaths = (
			);
			runOnlyForDeploymentPostprocessing = 0;
			shellPath = /bin/sh;
			shellScript = "\"${SRCROOT}/Pods/Target Support Files/Pods-QuestionDemo/Pods-QuestionDemo-frameworks.sh\"\n";
			showEnvVarsInLog = 0;
		};
		98F428E5E04FD944678F6AC9 /* [CP] Copy Pods Resources */ = {
			isa = PBXShellScriptBuildPhase;
			buildActionMask = 2147483647;
			files = (
			);
			inputPaths = (
			);
			name = "[CP] Copy Pods Resources";
			outputPaths = (
			);
			runOnlyForDeploymentPostprocessing = 0;
			shellPath = /bin/sh;
			shellScript = "\"${SRCROOT}/Pods/Target Support Files/Pods-QuestionDemo/Pods-QuestionDemo-resources.sh\"\n";
			showEnvVarsInLog = 0;
		};
		CA28FEB931D56E08E502AF52 /* [CP] Check Pods Manifest.lock */ = {
			isa = PBXShellScriptBuildPhase;
			buildActionMask = 2147483647;
			files = (
			);
			inputPaths = (
			);
			name = "[CP] Check Pods Manifest.lock";
			outputPaths = (
			);
			runOnlyForDeploymentPostprocessing = 0;
			shellPath = /bin/sh;
			shellScript = "diff \"${PODS_ROOT}/../Podfile.lock\" \"${PODS_ROOT}/Manifest.lock\" > /dev/null\nif [ $? != 0 ] ; then\n    # print error to STDERR\n    echo \"error: The sandbox is not in sync with the Podfile.lock. Run 'pod install' or update your CocoaPods installation.\" >&2\n    exit 1\nfi\n";
			showEnvVarsInLog = 0;
		};
/* End PBXShellScriptBuildPhase section */

/* Begin PBXSourcesBuildPhase section */
		C5DBBFCF1DEB456C00694135 /* Sources */ = {
			isa = PBXSourcesBuildPhase;
			buildActionMask = 2147483647;
			files = (
				C5DBBFDB1DEB456D00694135 /* DetailViewController.swift in Sources */,
				C5DBBFEB1DEB459C00694135 /* Question.swift in Sources */,
				C5DBBFD91DEB456D00694135 /* MasterViewController.swift in Sources */,
				C5DBBFD71DEB456D00694135 /* AppDelegate.swift in Sources */,
			);
			runOnlyForDeploymentPostprocessing = 0;
		};
/* End PBXSourcesBuildPhase section */

/* Begin PBXVariantGroup section */
		C5DBBFDC1DEB456D00694135 /* Main.storyboard */ = {
			isa = PBXVariantGroup;
			children = (
				C5DBBFDD1DEB456D00694135 /* Base */,
			);
			name = Main.storyboard;
			sourceTree = "<group>";
		};
		C5DBBFE11DEB456D00694135 /* LaunchScreen.storyboard */ = {
			isa = PBXVariantGroup;
			children = (
				C5DBBFE21DEB456D00694135 /* Base */,
			);
			name = LaunchScreen.storyboard;
			sourceTree = "<group>";
		};
/* End PBXVariantGroup section */

/* Begin XCBuildConfiguration section */
		C5DBBFE51DEB456D00694135 /* Debug */ = {
			isa = XCBuildConfiguration;
			buildSettings = {
				ALWAYS_SEARCH_USER_PATHS = NO;
				CLANG_ANALYZER_NONNULL = YES;
				CLANG_CXX_LANGUAGE_STANDARD = "gnu++0x";
				CLANG_CXX_LIBRARY = "libc++";
				CLANG_ENABLE_MODULES = YES;
				CLANG_ENABLE_OBJC_ARC = YES;
				CLANG_WARN_BOOL_CONVERSION = YES;
				CLANG_WARN_CONSTANT_CONVERSION = YES;
				CLANG_WARN_DIRECT_OBJC_ISA_USAGE = YES_ERROR;
				CLANG_WARN_DOCUMENTATION_COMMENTS = YES;
				CLANG_WARN_EMPTY_BODY = YES;
				CLANG_WARN_ENUM_CONVERSION = YES;
				CLANG_WARN_INFINITE_RECURSION = YES;
				CLANG_WARN_INT_CONVERSION = YES;
				CLANG_WARN_OBJC_ROOT_CLASS = YES_ERROR;
				CLANG_WARN_SUSPICIOUS_MOVES = YES;
				CLANG_WARN_UNREACHABLE_CODE = YES;
				CLANG_WARN__DUPLICATE_METHOD_MATCH = YES;
				"CODE_SIGN_IDENTITY[sdk=iphoneos*]" = "iPhone Developer";
				COPY_PHASE_STRIP = NO;
				DEBUG_INFORMATION_FORMAT = dwarf;
				ENABLE_STRICT_OBJC_MSGSEND = YES;
				ENABLE_TESTABILITY = YES;
				GCC_C_LANGUAGE_STANDARD = gnu99;
				GCC_DYNAMIC_NO_PIC = NO;
				GCC_NO_COMMON_BLOCKS = YES;
				GCC_OPTIMIZATION_LEVEL = 0;
				GCC_PREPROCESSOR_DEFINITIONS = (
					"DEBUG=1",
					"$(inherited)",
				);
				GCC_WARN_64_TO_32_BIT_CONVERSION = YES;
				GCC_WARN_ABOUT_RETURN_TYPE = YES_ERROR;
				GCC_WARN_UNDECLARED_SELECTOR = YES;
				GCC_WARN_UNINITIALIZED_AUTOS = YES_AGGRESSIVE;
				GCC_WARN_UNUSED_FUNCTION = YES;
				GCC_WARN_UNUSED_VARIABLE = YES;
				IPHONEOS_DEPLOYMENT_TARGET = 10.1;
				MTL_ENABLE_DEBUG_INFO = YES;
				ONLY_ACTIVE_ARCH = YES;
				SDKROOT = iphoneos;
				SWIFT_ACTIVE_COMPILATION_CONDITIONS = DEBUG;
				SWIFT_OPTIMIZATION_LEVEL = "-Onone";
			};
			name = Debug;
		};
		C5DBBFE61DEB456D00694135 /* Release */ = {
			isa = XCBuildConfiguration;
			buildSettings = {
				ALWAYS_SEARCH_USER_PATHS = NO;
				CLANG_ANALYZER_NONNULL = YES;
				CLANG_CXX_LANGUAGE_STANDARD = "gnu++0x";
				CLANG_CXX_LIBRARY = "libc++";
				CLANG_ENABLE_MODULES = YES;
				CLANG_ENABLE_OBJC_ARC = YES;
				CLANG_WARN_BOOL_CONVERSION = YES;
				CLANG_WARN_CONSTANT_CONVERSION = YES;
				CLANG_WARN_DIRECT_OBJC_ISA_USAGE = YES_ERROR;
				CLANG_WARN_DOCUMENTATION_COMMENTS = YES;
				CLANG_WARN_EMPTY_BODY = YES;
				CLANG_WARN_ENUM_CONVERSION = YES;
				CLANG_WARN_INFINITE_RECURSION = YES;
				CLANG_WARN_INT_CONVERSION = YES;
				CLANG_WARN_OBJC_ROOT_CLASS = YES_ERROR;
				CLANG_WARN_SUSPICIOUS_MOVES = YES;
				CLANG_WARN_UNREACHABLE_CODE = YES;
				CLANG_WARN__DUPLICATE_METHOD_MATCH = YES;
				"CODE_SIGN_IDENTITY[sdk=iphoneos*]" = "iPhone Developer";
				COPY_PHASE_STRIP = NO;
				DEBUG_INFORMATION_FORMAT = "dwarf-with-dsym";
				ENABLE_NS_ASSERTIONS = NO;
				ENABLE_STRICT_OBJC_MSGSEND = YES;
				GCC_C_LANGUAGE_STANDARD = gnu99;
				GCC_NO_COMMON_BLOCKS = YES;
				GCC_WARN_64_TO_32_BIT_CONVERSION = YES;
				GCC_WARN_ABOUT_RETURN_TYPE = YES_ERROR;
				GCC_WARN_UNDECLARED_SELECTOR = YES;
				GCC_WARN_UNINITIALIZED_AUTOS = YES_AGGRESSIVE;
				GCC_WARN_UNUSED_FUNCTION = YES;
				GCC_WARN_UNUSED_VARIABLE = YES;
				IPHONEOS_DEPLOYMENT_TARGET = 10.1;
				MTL_ENABLE_DEBUG_INFO = NO;
				SDKROOT = iphoneos;
				SWIFT_OPTIMIZATION_LEVEL = "-Owholemodule";
				VALIDATE_PRODUCT = YES;
			};
			name = Release;
		};
		C5DBBFE81DEB456D00694135 /* Debug */ = {
			isa = XCBuildConfiguration;
			baseConfigurationReference = A68878D473DB22666291BA8D /* Pods-QuestionDemo.debug.xcconfig */;
			buildSettings = {
				ASSETCATALOG_COMPILER_APPICON_NAME = AppIcon;
				DEVELOPMENT_TEAM = DLPH969EN3;
				INFOPLIST_FILE = QuestionDemo/Info.plist;
				LD_RUNPATH_SEARCH_PATHS = "$(inherited) @executable_path/Frameworks";
				PRODUCT_BUNDLE_IDENTIFIER = com.nswhoohoo.QuestionDemo;
				PRODUCT_NAME = "$(TARGET_NAME)";
				SWIFT_VERSION = 3.0;
			};
			name = Debug;
		};
		C5DBBFE91DEB456D00694135 /* Release */ = {
			isa = XCBuildConfiguration;
			baseConfigurationReference = 58A5D4F9ABDED91FE724A4DB /* Pods-QuestionDemo.release.xcconfig */;
			buildSettings = {
				ASSETCATALOG_COMPILER_APPICON_NAME = AppIcon;
				DEVELOPMENT_TEAM = DLPH969EN3;
				INFOPLIST_FILE = QuestionDemo/Info.plist;
				LD_RUNPATH_SEARCH_PATHS = "$(inherited) @executable_path/Frameworks";
				PRODUCT_BUNDLE_IDENTIFIER = com.nswhoohoo.QuestionDemo;
				PRODUCT_NAME = "$(TARGET_NAME)";
				SWIFT_VERSION = 3.0;
			};
			name = Release;
		};
/* End XCBuildConfiguration section */

/* Begin XCConfigurationList section */
		C5DBBFCE1DEB456C00694135 /* Build configuration list for PBXProject "QuestionDemo" */ = {
			isa = XCConfigurationList;
			buildConfigurations = (
				C5DBBFE51DEB456D00694135 /* Debug */,
				C5DBBFE61DEB456D00694135 /* Release */,
			);
			defaultConfigurationIsVisible = 0;
			defaultConfigurationName = Release;
		};
		C5DBBFE71DEB456D00694135 /* Build configuration list for PBXNativeTarget "QuestionDemo" */ = {
			isa = XCConfigurationList;
			buildConfigurations = (
				C5DBBFE81DEB456D00694135 /* Debug */,
				C5DBBFE91DEB456D00694135 /* Release */,
			);
			defaultConfigurationIsVisible = 0;
			defaultConfigurationName = Release;
		};
/* End XCConfigurationList section */
	};
	rootObject = C5DBBFCB1DEB456C00694135 /* Project object */;
}
